// !$*UTF8*$!
{
	archiveVersion = 1;
	classes = {
	};
	objectVersion = 90;
	objects = {

/* Begin PBXBuildFile section */
		E61496812DF4FE8400DC4117 /* DogRowView.swift in Sources */ = {isa = PBXBuildFile; fileRef = E61496802DF4FE8400DC4117 /* DogRowView.swift */; };
		E619DCE42DF4144400073973 /* DataModel.xcdatamodeld in Sources */ = {isa = PBXBuildFile; fileRef = E619DCE22DF4144400073973 /* DataModel.xcdatamodeld */; };
		E619DCEF2DF420F700073973 /* Dog.swift in Sources */ = {isa = PBXBuildFile; fileRef = E619DCEE2DF420F700073973 /* Dog.swift */; };
		E619DCF12DF4243C00073973 /* CoreDataDogDataSourceImpl.swift in Sources */ = {isa = PBXBuildFile; fileRef = E619DCF02DF4243C00073973 /* CoreDataDogDataSourceImpl.swift */; };
		E619DCF32DF424DA00073973 /* CoreDataDogDataSource.swift in Sources */ = {isa = PBXBuildFile; fileRef = E619DCF22DF424DA00073973 /* CoreDataDogDataSource.swift */; };
		E619DCF52DF4281700073973 /* CoreDataStack.swift in Sources */ = {isa = PBXBuildFile; fileRef = E619DCF42DF4281700073973 /* CoreDataStack.swift */; };
		E619DCF72DF428C300073973 /* CoreDataDogDataSourceTests.swift in Sources */ = {isa = PBXBuildFile; fileRef = E619DCF62DF428C300073973 /* CoreDataDogDataSourceTests.swift */; };
		E619DCF92DF429F700073973 /* MockDogDataSource.swift in Sources */ = {isa = PBXBuildFile; fileRef = E619DCF82DF429F700073973 /* MockDogDataSource.swift */; };
		E619DD002DF43DBE00073973 /* DogRepository.swift in Sources */ = {isa = PBXBuildFile; fileRef = E619DCFF2DF43DBE00073973 /* DogRepository.swift */; };
		E619DD032DF43E8000073973 /* DogRepositoryImpl.swift in Sources */ = {isa = PBXBuildFile; fileRef = E619DD022DF43E8000073973 /* DogRepositoryImpl.swift */; };
		E619DD052DF4750F00073973 /* MockAPIClient.swift in Sources */ = {isa = PBXBuildFile; fileRef = E619DD042DF4750F00073973 /* MockAPIClient.swift */; };
		E619DD072DF477D700073973 /* DogRepositoryTests.swift in Sources */ = {isa = PBXBuildFile; fileRef = E619DD062DF477D700073973 /* DogRepositoryTests.swift */; };
		E660F4132DF3FB07004AB273 /* MockURLSession.swift in Sources */ = {isa = PBXBuildFile; fileRef = E660F40D2DF3FB07004AB273 /* MockURLSession.swift */; };
		E660F4142DF3FB07004AB273 /* APIClientTests.swift in Sources */ = {isa = PBXBuildFile; fileRef = E660F40F2DF3FB07004AB273 /* APIClientTests.swift */; };
		E660F4152DF3FB07004AB273 /* EndpointTests.swift in Sources */ = {isa = PBXBuildFile; fileRef = E660F4102DF3FB07004AB273 /* EndpointTests.swift */; };
		E660F4242DF3FB10004AB273 /* Assets.xcassets in Resources */ = {isa = PBXBuildFile; fileRef = E660F41F2DF3FB10004AB273 /* Assets.xcassets */; };
		E660F4252DF3FB10004AB273 /* APIClient.swift in Sources */ = {isa = PBXBuildFile; fileRef = E660F4162DF3FB10004AB273 /* APIClient.swift */; };
		E660F4262DF3FB10004AB273 /* Endpoint.swift in Sources */ = {isa = PBXBuildFile; fileRef = E660F4172DF3FB10004AB273 /* Endpoint.swift */; };
		E660F4272DF3FB10004AB273 /* DogDTO.swift in Sources */ = {isa = PBXBuildFile; fileRef = E660F41A2DF3FB10004AB273 /* DogDTO.swift */; };
		E660F4292DF3FB10004AB273 /* DogLandApp.swift in Sources */ = {isa = PBXBuildFile; fileRef = E660F4222DF3FB10004AB273 /* DogLandApp.swift */; };
		E6EE7ED22DF488A400757B97 /* FetchDogsUseCase.swift in Sources */ = {isa = PBXBuildFile; fileRef = E6EE7ED12DF488A400757B97 /* FetchDogsUseCase.swift */; };
		E6EE7ED42DF488DB00757B97 /* MockDogRepository.swift in Sources */ = {isa = PBXBuildFile; fileRef = E6EE7ED32DF488DB00757B97 /* MockDogRepository.swift */; };
		E6EE7ED62DF4891E00757B97 /* FetchDogsUseCaseTests.swift in Sources */ = {isa = PBXBuildFile; fileRef = E6EE7ED52DF4891E00757B97 /* FetchDogsUseCaseTests.swift */; };
		E6EE7ED92DF48F7D00757B97 /* DogListViewModel.swift in Sources */ = {isa = PBXBuildFile; fileRef = E6EE7ED82DF48F7D00757B97 /* DogListViewModel.swift */; };
		E6EE7EDB2DF48FDD00757B97 /* MockFetchDogsUseCase.swift in Sources */ = {isa = PBXBuildFile; fileRef = E6EE7EDA2DF48FDD00757B97 /* MockFetchDogsUseCase.swift */; };
		E6EE7EDD2DF4904400757B97 /* DogListViewModelTests.swift in Sources */ = {isa = PBXBuildFile; fileRef = E6EE7EDC2DF4904400757B97 /* DogListViewModelTests.swift */; };
		E6EE7EE02DF4987400757B97 /* DogListView.swift in Sources */ = {isa = PBXBuildFile; fileRef = E6EE7EDF2DF4987400757B97 /* DogListView.swift */; };
		E6EE7EE22DF49A1800757B97 /* DogListModuleFactory.swift in Sources */ = {isa = PBXBuildFile; fileRef = E6EE7EE12DF49A1800757B97 /* DogListModuleFactory.swift */; };
		E6EE7EE42DF49C0800757B97 /* HomeView.swift in Sources */ = {isa = PBXBuildFile; fileRef = E6EE7EE32DF49C0800757B97 /* HomeView.swift */; };
		E6EE7EE72DF4A61F00757B97 /* DogEntity+CoreDataClass.swift in Sources */ = {isa = PBXBuildFile; fileRef = E6EE7EE52DF4A61F00757B97 /* DogEntity+CoreDataClass.swift */; };
		E6EE7EE82DF4A61F00757B97 /* DogEntity+CoreDataProperties.swift in Sources */ = {isa = PBXBuildFile; fileRef = E6EE7EE62DF4A61F00757B97 /* DogEntity+CoreDataProperties.swift */; };
		E6F13E652DF51F4600813882 /* LaunchScreen.storyboard in Resources */ = {isa = PBXBuildFile; fileRef = E6F13E642DF51F4600813882 /* LaunchScreen.storyboard */; };
/* End PBXBuildFile section */

/* Begin PBXContainerItemProxy section */
		E675BA902DF39743005A7FC2 /* PBXContainerItemProxy */ = {
			isa = PBXContainerItemProxy;
			containerPortal = E675BA2E2DF24419005A7FC2 /* Project object */;
			proxyType = 1;
			remoteGlobalIDString = E675BA352DF24419005A7FC2;
			remoteInfo = DogLand;
		};
/* End PBXContainerItemProxy section */

/* Begin PBXFileReference section */
		E61496802DF4FE8400DC4117 /* DogRowView.swift */ = {isa = PBXFileReference; lastKnownFileType = sourcecode.swift; path = DogRowView.swift; sourceTree = "<group>"; };
		E619DCDC2DF405A400073973 /* DogLand.xctestplan */ = {isa = PBXFileReference; lastKnownFileType = text; path = DogLand.xctestplan; sourceTree = "<group>"; };
		E619DCE32DF4144400073973 /* DataModel.xcdatamodel */ = {isa = PBXFileReference; lastKnownFileType = wrapper.xcdatamodel; path = DataModel.xcdatamodel; sourceTree = "<group>"; };
		E619DCEE2DF420F700073973 /* Dog.swift */ = {isa = PBXFileReference; lastKnownFileType = sourcecode.swift; path = Dog.swift; sourceTree = "<group>"; };
		E619DCF02DF4243C00073973 /* CoreDataDogDataSourceImpl.swift */ = {isa = PBXFileReference; lastKnownFileType = sourcecode.swift; path = CoreDataDogDataSourceImpl.swift; sourceTree = "<group>"; };
		E619DCF22DF424DA00073973 /* CoreDataDogDataSource.swift */ = {isa = PBXFileReference; lastKnownFileType = sourcecode.swift; path = CoreDataDogDataSource.swift; sourceTree = "<group>"; };
		E619DCF42DF4281700073973 /* CoreDataStack.swift */ = {isa = PBXFileReference; lastKnownFileType = sourcecode.swift; path = CoreDataStack.swift; sourceTree = "<group>"; };
		E619DCF62DF428C300073973 /* CoreDataDogDataSourceTests.swift */ = {isa = PBXFileReference; lastKnownFileType = sourcecode.swift; path = CoreDataDogDataSourceTests.swift; sourceTree = "<group>"; };
		E619DCF82DF429F700073973 /* MockDogDataSource.swift */ = {isa = PBXFileReference; lastKnownFileType = sourcecode.swift; path = MockDogDataSource.swift; sourceTree = "<group>"; };
		E619DCFF2DF43DBE00073973 /* DogRepository.swift */ = {isa = PBXFileReference; lastKnownFileType = sourcecode.swift; path = DogRepository.swift; sourceTree = "<group>"; };
		E619DD022DF43E8000073973 /* DogRepositoryImpl.swift */ = {isa = PBXFileReference; lastKnownFileType = sourcecode.swift; path = DogRepositoryImpl.swift; sourceTree = "<group>"; };
		E619DD042DF4750F00073973 /* MockAPIClient.swift */ = {isa = PBXFileReference; lastKnownFileType = sourcecode.swift; path = MockAPIClient.swift; sourceTree = "<group>"; };
		E619DD062DF477D700073973 /* DogRepositoryTests.swift */ = {isa = PBXFileReference; lastKnownFileType = sourcecode.swift; path = DogRepositoryTests.swift; sourceTree = "<group>"; };
		E660F40D2DF3FB07004AB273 /* MockURLSession.swift */ = {isa = PBXFileReference; lastKnownFileType = sourcecode.swift; path = MockURLSession.swift; sourceTree = "<group>"; };
		E660F40F2DF3FB07004AB273 /* APIClientTests.swift */ = {isa = PBXFileReference; lastKnownFileType = sourcecode.swift; path = APIClientTests.swift; sourceTree = "<group>"; };
		E660F4102DF3FB07004AB273 /* EndpointTests.swift */ = {isa = PBXFileReference; lastKnownFileType = sourcecode.swift; path = EndpointTests.swift; sourceTree = "<group>"; };
		E660F4162DF3FB10004AB273 /* APIClient.swift */ = {isa = PBXFileReference; lastKnownFileType = sourcecode.swift; path = APIClient.swift; sourceTree = "<group>"; };
		E660F4172DF3FB10004AB273 /* Endpoint.swift */ = {isa = PBXFileReference; lastKnownFileType = sourcecode.swift; path = Endpoint.swift; sourceTree = "<group>"; };
		E660F41A2DF3FB10004AB273 /* DogDTO.swift */ = {isa = PBXFileReference; lastKnownFileType = sourcecode.swift; path = DogDTO.swift; sourceTree = "<group>"; };
		E660F41F2DF3FB10004AB273 /* Assets.xcassets */ = {isa = PBXFileReference; lastKnownFileType = folder.assetcatalog; path = Assets.xcassets; sourceTree = "<group>"; };
		E660F4222DF3FB10004AB273 /* DogLandApp.swift */ = {isa = PBXFileReference; lastKnownFileType = sourcecode.swift; path = DogLandApp.swift; sourceTree = "<group>"; };
		E675BA362DF24419005A7FC2 /* DogLand.app */ = {isa = PBXFileReference; explicitFileType = wrapper.application; includeInIndex = 0; path = DogLand.app; sourceTree = BUILT_PRODUCTS_DIR; };
		E675BA8C2DF39743005A7FC2 /* DogLandTests.xctest */ = {isa = PBXFileReference; explicitFileType = wrapper.cfbundle; includeInIndex = 0; path = DogLandTests.xctest; sourceTree = BUILT_PRODUCTS_DIR; };
		E6EE7ED12DF488A400757B97 /* FetchDogsUseCase.swift */ = {isa = PBXFileReference; lastKnownFileType = sourcecode.swift; path = FetchDogsUseCase.swift; sourceTree = "<group>"; };
		E6EE7ED32DF488DB00757B97 /* MockDogRepository.swift */ = {isa = PBXFileReference; lastKnownFileType = sourcecode.swift; path = MockDogRepository.swift; sourceTree = "<group>"; };
		E6EE7ED52DF4891E00757B97 /* FetchDogsUseCaseTests.swift */ = {isa = PBXFileReference; lastKnownFileType = sourcecode.swift; path = FetchDogsUseCaseTests.swift; sourceTree = "<group>"; };
		E6EE7ED82DF48F7D00757B97 /* DogListViewModel.swift */ = {isa = PBXFileReference; lastKnownFileType = sourcecode.swift; path = DogListViewModel.swift; sourceTree = "<group>"; };
		E6EE7EDA2DF48FDD00757B97 /* MockFetchDogsUseCase.swift */ = {isa = PBXFileReference; lastKnownFileType = sourcecode.swift; path = MockFetchDogsUseCase.swift; sourceTree = "<group>"; };
		E6EE7EDC2DF4904400757B97 /* DogListViewModelTests.swift */ = {isa = PBXFileReference; lastKnownFileType = sourcecode.swift; path = DogListViewModelTests.swift; sourceTree = "<group>"; };
		E6EE7EDF2DF4987400757B97 /* DogListView.swift */ = {isa = PBXFileReference; lastKnownFileType = sourcecode.swift; path = DogListView.swift; sourceTree = "<group>"; };
		E6EE7EE12DF49A1800757B97 /* DogListModuleFactory.swift */ = {isa = PBXFileReference; lastKnownFileType = sourcecode.swift; path = DogListModuleFactory.swift; sourceTree = "<group>"; };
		E6EE7EE32DF49C0800757B97 /* HomeView.swift */ = {isa = PBXFileReference; lastKnownFileType = sourcecode.swift; path = HomeView.swift; sourceTree = "<group>"; };
		E6EE7EE52DF4A61F00757B97 /* DogEntity+CoreDataClass.swift */ = {isa = PBXFileReference; lastKnownFileType = sourcecode.swift; path = "DogEntity+CoreDataClass.swift"; sourceTree = "<group>"; };
		E6EE7EE62DF4A61F00757B97 /* DogEntity+CoreDataProperties.swift */ = {isa = PBXFileReference; lastKnownFileType = sourcecode.swift; path = "DogEntity+CoreDataProperties.swift"; sourceTree = "<group>"; };
		E6F13E642DF51F4600813882 /* LaunchScreen.storyboard */ = {isa = PBXFileReference; lastKnownFileType = file.storyboard; path = LaunchScreen.storyboard; sourceTree = "<group>"; };
/* End PBXFileReference section */

/* Begin PBXFrameworksBuildPhase section */
		E675BA332DF24419005A7FC2 /* Frameworks */ = {
			isa = PBXFrameworksBuildPhase;
			files = (
			);
		};
		E675BA892DF39743005A7FC2 /* Frameworks */ = {
			isa = PBXFrameworksBuildPhase;
			files = (
			);
		};
/* End PBXFrameworksBuildPhase section */

/* Begin PBXGroup section */
		E619DCDE2DF4104400073973 /* Persistence */ = {
			isa = PBXGroup;
			children = (
				E619DCF42DF4281700073973 /* CoreDataStack.swift */,
			);
			path = Persistence;
			sourceTree = "<group>";
		};
		E619DCDF2DF4119600073973 /* Local */ = {
			isa = PBXGroup;
			children = (
				E619DCE12DF411D900073973 /* CoreData */,
			);
			path = Local;
			sourceTree = "<group>";
		};
		E619DCE02DF411AE00073973 /* Remote */ = {
			isa = PBXGroup;
			children = (
				E660F4162DF3FB10004AB273 /* APIClient.swift */,
				E660F4172DF3FB10004AB273 /* Endpoint.swift */,
			);
			path = Remote;
			sourceTree = "<group>";
		};
		E619DCE12DF411D900073973 /* CoreData */ = {
			isa = PBXGroup;
			children = (
				E619DCE22DF4144400073973 /* DataModel.xcdatamodeld */,
				E619DCF02DF4243C00073973 /* CoreDataDogDataSourceImpl.swift */,
				E619DCF22DF424DA00073973 /* CoreDataDogDataSource.swift */,
			);
			path = CoreData;
			sourceTree = "<group>";
		};
		E619DCED2DF420DF00073973 /* Entities */ = {
			isa = PBXGroup;
			children = (
				E619DCEE2DF420F700073973 /* Dog.swift */,
			);
			path = Entities;
			sourceTree = "<group>";
		};
		E619DCFE2DF43DA100073973 /* Repositories */ = {
			isa = PBXGroup;
			children = (
				E619DCFF2DF43DBE00073973 /* DogRepository.swift */,
			);
			path = Repositories;
			sourceTree = "<group>";
		};
		E619DD012DF43E5D00073973 /* Repositories */ = {
			isa = PBXGroup;
			children = (
				E619DD022DF43E8000073973 /* DogRepositoryImpl.swift */,
			);
			path = Repositories;
			sourceTree = "<group>";
		};
		E660F40E2DF3FB07004AB273 /* Mocks */ = {
			isa = PBXGroup;
			children = (
				E660F40D2DF3FB07004AB273 /* MockURLSession.swift */,
				E619DCF82DF429F700073973 /* MockDogDataSource.swift */,
				E619DD042DF4750F00073973 /* MockAPIClient.swift */,
				E6EE7ED32DF488DB00757B97 /* MockDogRepository.swift */,
				E6EE7EDA2DF48FDD00757B97 /* MockFetchDogsUseCase.swift */,
			);
			path = Mocks;
			sourceTree = "<group>";
		};
		E660F4112DF3FB07004AB273 /* Tests */ = {
			isa = PBXGroup;
			children = (
				E660F40F2DF3FB07004AB273 /* APIClientTests.swift */,
				E660F4102DF3FB07004AB273 /* EndpointTests.swift */,
				E619DCF62DF428C300073973 /* CoreDataDogDataSourceTests.swift */,
				E619DD062DF477D700073973 /* DogRepositoryTests.swift */,
				E6EE7ED52DF4891E00757B97 /* FetchDogsUseCaseTests.swift */,
				E6EE7EDC2DF4904400757B97 /* DogListViewModelTests.swift */,
			);
			path = Tests;
			sourceTree = "<group>";
		};
		E660F4122DF3FB07004AB273 /* DogLandTests */ = {
			isa = PBXGroup;
			children = (
				E660F40E2DF3FB07004AB273 /* Mocks */,
				E660F4112DF3FB07004AB273 /* Tests */,
			);
			path = DogLandTests;
			sourceTree = "<group>";
		};
		E660F4192DF3FB10004AB273 /* Core */ = {
			isa = PBXGroup;
			children = (
				E619DCDE2DF4104400073973 /* Persistence */,
			);
			path = Core;
			sourceTree = "<group>";
		};
		E660F41B2DF3FB10004AB273 /* Models */ = {
			isa = PBXGroup;
			children = (
				E6EE7EE52DF4A61F00757B97 /* DogEntity+CoreDataClass.swift */,
				E6EE7EE62DF4A61F00757B97 /* DogEntity+CoreDataProperties.swift */,
				E660F41A2DF3FB10004AB273 /* DogDTO.swift */,
			);
			path = Models;
			sourceTree = "<group>";
		};
		E660F41C2DF3FB10004AB273 /* Data */ = {
			isa = PBXGroup;
			children = (
				E619DD012DF43E5D00073973 /* Repositories */,
				E619DCE02DF411AE00073973 /* Remote */,
				E619DCDF2DF4119600073973 /* Local */,
				E660F41B2DF3FB10004AB273 /* Models */,
			);
			path = Data;
			sourceTree = "<group>";
		};
		E660F41D2DF3FB10004AB273 /* Domain */ = {
			isa = PBXGroup;
			children = (
				E6EE7ED02DF4884200757B97 /* UseCases */,
				E619DCFE2DF43DA100073973 /* Repositories */,
				E619DCED2DF420DF00073973 /* Entities */,
			);
			path = Domain;
			sourceTree = "<group>";
		};
		E660F41E2DF3FB10004AB273 /* Presentation */ = {
			isa = PBXGroup;
			children = (
				E6EE7EDE2DF4983D00757B97 /* Views */,
				E6EE7ED72DF48F6200757B97 /* ViewModels */,
			);
			path = Presentation;
			sourceTree = "<group>";
		};
		E660F4202DF3FB10004AB273 /* Resources */ = {
			isa = PBXGroup;
			children = (
				E660F41F2DF3FB10004AB273 /* Assets.xcassets */,
				E6F13E642DF51F4600813882 /* LaunchScreen.storyboard */,
			);
			path = Resources;
			sourceTree = "<group>";
		};
		E660F4232DF3FB10004AB273 /* DogLand */ = {
			isa = PBXGroup;
			children = (
				E660F4192DF3FB10004AB273 /* Core */,
				E660F41C2DF3FB10004AB273 /* Data */,
				E660F41D2DF3FB10004AB273 /* Domain */,
				E660F41E2DF3FB10004AB273 /* Presentation */,
				E660F4202DF3FB10004AB273 /* Resources */,
				E660F4222DF3FB10004AB273 /* DogLandApp.swift */,
			);
			path = DogLand;
			sourceTree = "<group>";
		};
		E675BA2D2DF24419005A7FC2 = {
			isa = PBXGroup;
			children = (
				E619DCDC2DF405A400073973 /* DogLand.xctestplan */,
				E660F4232DF3FB10004AB273 /* DogLand */,
				E660F4122DF3FB07004AB273 /* DogLandTests */,
				E675BA372DF24419005A7FC2 /* Products */,
			);
			sourceTree = "<group>";
		};
		E675BA372DF24419005A7FC2 /* Products */ = {
			isa = PBXGroup;
			children = (
				E675BA362DF24419005A7FC2 /* DogLand.app */,
				E675BA8C2DF39743005A7FC2 /* DogLandTests.xctest */,
			);
			name = Products;
			sourceTree = "<group>";
		};
		E6EE7ED02DF4884200757B97 /* UseCases */ = {
			isa = PBXGroup;
			children = (
				E6EE7ED12DF488A400757B97 /* FetchDogsUseCase.swift */,
			);
			path = UseCases;
			sourceTree = "<group>";
		};
		E6EE7ED72DF48F6200757B97 /* ViewModels */ = {
			isa = PBXGroup;
			children = (
				E6EE7ED82DF48F7D00757B97 /* DogListViewModel.swift */,
			);
			path = ViewModels;
			sourceTree = "<group>";
		};
		E6EE7EDE2DF4983D00757B97 /* Views */ = {
			isa = PBXGroup;
			children = (
				E6EE7EDF2DF4987400757B97 /* DogListView.swift */,
				E6EE7EE12DF49A1800757B97 /* DogListModuleFactory.swift */,
				E6EE7EE32DF49C0800757B97 /* HomeView.swift */,
				E61496802DF4FE8400DC4117 /* DogRowView.swift */,
			);
			path = Views;
			sourceTree = "<group>";
		};
/* End PBXGroup section */

/* Begin PBXNativeTarget section */
		E675BA352DF24419005A7FC2 /* DogLand */ = {
			isa = PBXNativeTarget;
			buildConfigurationList = E675BA412DF2441C005A7FC2 /* Build configuration list for PBXNativeTarget "DogLand" */;
			buildPhases = (
				E675BA322DF24419005A7FC2 /* Sources */,
				E675BA332DF24419005A7FC2 /* Frameworks */,
				E675BA342DF24419005A7FC2 /* Resources */,
			);
			buildRules = (
			);
			name = DogLand;
			productName = DogLand;
			productReference = E675BA362DF24419005A7FC2 /* DogLand.app */;
			productType = "com.apple.product-type.application";
		};
		E675BA8B2DF39743005A7FC2 /* DogLandTests */ = {
			isa = PBXNativeTarget;
			buildConfigurationList = E675BA922DF39743005A7FC2 /* Build configuration list for PBXNativeTarget "DogLandTests" */;
			buildPhases = (
				E675BA882DF39743005A7FC2 /* Sources */,
				E675BA892DF39743005A7FC2 /* Frameworks */,
				E675BA8A2DF39743005A7FC2 /* Resources */,
			);
			buildRules = (
			);
			dependencies = (
				E675BA912DF39743005A7FC2 /* PBXTargetDependency */,
			);
			name = DogLandTests;
			productName = DogLandTests;
			productReference = E675BA8C2DF39743005A7FC2 /* DogLandTests.xctest */;
			productType = "com.apple.product-type.bundle.unit-test";
		};
/* End PBXNativeTarget section */

/* Begin PBXProject section */
		E675BA2E2DF24419005A7FC2 /* Project object */ = {
			isa = PBXProject;
			attributes = {
				BuildIndependentTargetsInParallel = 1;
				LastSwiftUpdateCheck = 1640;
				LastUpgradeCheck = 1640;
				TargetAttributes = {
					E675BA352DF24419005A7FC2 = {
						CreatedOnToolsVersion = 16.4;
					};
					E675BA8B2DF39743005A7FC2 = {
						CreatedOnToolsVersion = 16.4;
						TestTargetID = E675BA352DF24419005A7FC2;
					};
				};
			};
			buildConfigurationList = E675BA312DF24419005A7FC2 /* Build configuration list for PBXProject "DogLand" */;
			developmentRegion = en;
			hasScannedForEncodings = 0;
			knownRegions = (
				en,
				Base,
			);
			mainGroup = E675BA2D2DF24419005A7FC2;
			minimizedProjectReferenceProxies = 1;
			preferredProjectObjectVersion = 90;
			productRefGroup = E675BA372DF24419005A7FC2 /* Products */;
			projectDirPath = "";
			projectRoot = "";
			targets = (
				E675BA352DF24419005A7FC2 /* DogLand */,
				E675BA8B2DF39743005A7FC2 /* DogLandTests */,
			);
		};
/* End PBXProject section */

/* Begin PBXResourcesBuildPhase section */
		E675BA342DF24419005A7FC2 /* Resources */ = {
			isa = PBXResourcesBuildPhase;
			files = (
				E6F13E652DF51F4600813882 /* LaunchScreen.storyboard in Resources */,
				E660F4242DF3FB10004AB273 /* Assets.xcassets in Resources */,
			);
		};
		E675BA8A2DF39743005A7FC2 /* Resources */ = {
			isa = PBXResourcesBuildPhase;
			files = (
			);
		};
/* End PBXResourcesBuildPhase section */

/* Begin PBXSourcesBuildPhase section */
		E675BA322DF24419005A7FC2 /* Sources */ = {
			isa = PBXSourcesBuildPhase;
			files = (
				E619DCF12DF4243C00073973 /* CoreDataDogDataSourceImpl.swift in Sources */,
				E660F4252DF3FB10004AB273 /* APIClient.swift in Sources */,
				E619DD032DF43E8000073973 /* DogRepositoryImpl.swift in Sources */,
				E6EE7ED92DF48F7D00757B97 /* DogListViewModel.swift in Sources */,
				E61496812DF4FE8400DC4117 /* DogRowView.swift in Sources */,
				E660F4262DF3FB10004AB273 /* Endpoint.swift in Sources */,
				E619DCF52DF4281700073973 /* CoreDataStack.swift in Sources */,
				E660F4272DF3FB10004AB273 /* DogDTO.swift in Sources */,
				E619DCEF2DF420F700073973 /* Dog.swift in Sources */,
				E6EE7EE72DF4A61F00757B97 /* DogEntity+CoreDataClass.swift in Sources */,
				E6EE7EE82DF4A61F00757B97 /* DogEntity+CoreDataProperties.swift in Sources */,
				E619DCE42DF4144400073973 /* DataModel.xcdatamodeld in Sources */,
				E6EE7EE22DF49A1800757B97 /* DogListModuleFactory.swift in Sources */,
				E6EE7ED22DF488A400757B97 /* FetchDogsUseCase.swift in Sources */,
				E619DCF32DF424DA00073973 /* CoreDataDogDataSource.swift in Sources */,
				E619DD002DF43DBE00073973 /* DogRepository.swift in Sources */,
				E6EE7EE02DF4987400757B97 /* DogListView.swift in Sources */,
				E660F4292DF3FB10004AB273 /* DogLandApp.swift in Sources */,
				E6EE7EE42DF49C0800757B97 /* HomeView.swift in Sources */,
			);
		};
		E675BA882DF39743005A7FC2 /* Sources */ = {
			isa = PBXSourcesBuildPhase;
			files = (
				E619DCF72DF428C300073973 /* CoreDataDogDataSourceTests.swift in Sources */,
				E660F4132DF3FB07004AB273 /* MockURLSession.swift in Sources */,
				E619DCF92DF429F700073973 /* MockDogDataSource.swift in Sources */,
				E6EE7ED62DF4891E00757B97 /* FetchDogsUseCaseTests.swift in Sources */,
				E660F4142DF3FB07004AB273 /* APIClientTests.swift in Sources */,
				E6EE7EDB2DF48FDD00757B97 /* MockFetchDogsUseCase.swift in Sources */,
				E660F4152DF3FB07004AB273 /* EndpointTests.swift in Sources */,
				E619DD052DF4750F00073973 /* MockAPIClient.swift in Sources */,
				E6EE7ED42DF488DB00757B97 /* MockDogRepository.swift in Sources */,
				E6EE7EDD2DF4904400757B97 /* DogListViewModelTests.swift in Sources */,
				E619DD072DF477D700073973 /* DogRepositoryTests.swift in Sources */,
			);
		};
/* End PBXSourcesBuildPhase section */

/* Begin PBXTargetDependency section */
		E675BA912DF39743005A7FC2 /* PBXTargetDependency */ = {
			isa = PBXTargetDependency;
			target = E675BA352DF24419005A7FC2 /* DogLand */;
			targetProxy = E675BA902DF39743005A7FC2 /* PBXContainerItemProxy */;
		};
/* End PBXTargetDependency section */

/* Begin XCBuildConfiguration section */
		E675BA3F2DF2441C005A7FC2 /* Debug configuration for PBXProject "DogLand" */ = {
			isa = XCBuildConfiguration;
			buildSettings = {
				ALWAYS_SEARCH_USER_PATHS = NO;
				ASSETCATALOG_COMPILER_GENERATE_SWIFT_ASSET_SYMBOL_EXTENSIONS = YES;
				CLANG_ANALYZER_NONNULL = YES;
				CLANG_ANALYZER_NUMBER_OBJECT_CONVERSION = YES_AGGRESSIVE;
				CLANG_CXX_LANGUAGE_STANDARD = "gnu++20";
				CLANG_ENABLE_MODULES = YES;
				CLANG_ENABLE_OBJC_ARC = YES;
				CLANG_ENABLE_OBJC_WEAK = YES;
				CLANG_WARN_BLOCK_CAPTURE_AUTORELEASING = YES;
				CLANG_WARN_BOOL_CONVERSION = YES;
				CLANG_WARN_COMMA = YES;
				CLANG_WARN_CONSTANT_CONVERSION = YES;
				CLANG_WARN_DEPRECATED_OBJC_IMPLEMENTATIONS = YES;
				CLANG_WARN_DIRECT_OBJC_ISA_USAGE = YES_ERROR;
				CLANG_WARN_DOCUMENTATION_COMMENTS = YES;
				CLANG_WARN_EMPTY_BODY = YES;
				CLANG_WARN_ENUM_CONVERSION = YES;
				CLANG_WARN_INFINITE_RECURSION = YES;
				CLANG_WARN_INT_CONVERSION = YES;
				CLANG_WARN_NON_LITERAL_NULL_CONVERSION = YES;
				CLANG_WARN_OBJC_IMPLICIT_RETAIN_SELF = YES;
				CLANG_WARN_OBJC_LITERAL_CONVERSION = YES;
				CLANG_WARN_OBJC_ROOT_CLASS = YES_ERROR;
				CLANG_WARN_QUOTED_INCLUDE_IN_FRAMEWORK_HEADER = YES;
				CLANG_WARN_RANGE_LOOP_ANALYSIS = YES;
				CLANG_WARN_STRICT_PROTOTYPES = YES;
				CLANG_WARN_SUSPICIOUS_MOVE = YES;
				CLANG_WARN_UNGUARDED_AVAILABILITY = YES_AGGRESSIVE;
				CLANG_WARN_UNREACHABLE_CODE = YES;
				CLANG_WARN__DUPLICATE_METHOD_MATCH = YES;
				COPY_PHASE_STRIP = NO;
				DEBUG_INFORMATION_FORMAT = dwarf;
				ENABLE_STRICT_OBJC_MSGSEND = YES;
				ENABLE_TESTABILITY = YES;
				ENABLE_USER_SCRIPT_SANDBOXING = YES;
				GCC_C_LANGUAGE_STANDARD = gnu17;
				GCC_DYNAMIC_NO_PIC = NO;
				GCC_NO_COMMON_BLOCKS = YES;
				GCC_OPTIMIZATION_LEVEL = 0;
				GCC_PREPROCESSOR_DEFINITIONS = (
					"DEBUG=1",
					"$(inherited)",
				);
				GCC_WARN_64_TO_32_BIT_CONVERSION = YES;
				GCC_WARN_ABOUT_RETURN_TYPE = YES_ERROR;
				GCC_WARN_UNDECLARED_SELECTOR = YES;
				GCC_WARN_UNINITIALIZED_AUTOS = YES_AGGRESSIVE;
				GCC_WARN_UNUSED_FUNCTION = YES;
				GCC_WARN_UNUSED_VARIABLE = YES;
				IPHONEOS_DEPLOYMENT_TARGET = 18.5;
				LOCALIZATION_PREFERS_STRING_CATALOGS = YES;
				MTL_ENABLE_DEBUG_INFO = INCLUDE_SOURCE;
				MTL_FAST_MATH = YES;
				ONLY_ACTIVE_ARCH = YES;
				SDKROOT = iphoneos;
				SWIFT_ACTIVE_COMPILATION_CONDITIONS = "DEBUG $(inherited)";
				SWIFT_OPTIMIZATION_LEVEL = "-Onone";
			};
			name = Debug;
		};
		E675BA402DF2441C005A7FC2 /* Release configuration for PBXProject "DogLand" */ = {
			isa = XCBuildConfiguration;
			buildSettings = {
				ALWAYS_SEARCH_USER_PATHS = NO;
				ASSETCATALOG_COMPILER_GENERATE_SWIFT_ASSET_SYMBOL_EXTENSIONS = YES;
				CLANG_ANALYZER_NONNULL = YES;
				CLANG_ANALYZER_NUMBER_OBJECT_CONVERSION = YES_AGGRESSIVE;
				CLANG_CXX_LANGUAGE_STANDARD = "gnu++20";
				CLANG_ENABLE_MODULES = YES;
				CLANG_ENABLE_OBJC_ARC = YES;
				CLANG_ENABLE_OBJC_WEAK = YES;
				CLANG_WARN_BLOCK_CAPTURE_AUTORELEASING = YES;
				CLANG_WARN_BOOL_CONVERSION = YES;
				CLANG_WARN_COMMA = YES;
				CLANG_WARN_CONSTANT_CONVERSION = YES;
				CLANG_WARN_DEPRECATED_OBJC_IMPLEMENTATIONS = YES;
				CLANG_WARN_DIRECT_OBJC_ISA_USAGE = YES_ERROR;
				CLANG_WARN_DOCUMENTATION_COMMENTS = YES;
				CLANG_WARN_EMPTY_BODY = YES;
				CLANG_WARN_ENUM_CONVERSION = YES;
				CLANG_WARN_INFINITE_RECURSION = YES;
				CLANG_WARN_INT_CONVERSION = YES;
				CLANG_WARN_NON_LITERAL_NULL_CONVERSION = YES;
				CLANG_WARN_OBJC_IMPLICIT_RETAIN_SELF = YES;
				CLANG_WARN_OBJC_LITERAL_CONVERSION = YES;
				CLANG_WARN_OBJC_ROOT_CLASS = YES_ERROR;
				CLANG_WARN_QUOTED_INCLUDE_IN_FRAMEWORK_HEADER = YES;
				CLANG_WARN_RANGE_LOOP_ANALYSIS = YES;
				CLANG_WARN_STRICT_PROTOTYPES = YES;
				CLANG_WARN_SUSPICIOUS_MOVE = YES;
				CLANG_WARN_UNGUARDED_AVAILABILITY = YES_AGGRESSIVE;
				CLANG_WARN_UNREACHABLE_CODE = YES;
				CLANG_WARN__DUPLICATE_METHOD_MATCH = YES;
				COPY_PHASE_STRIP = NO;
				DEBUG_INFORMATION_FORMAT = "dwarf-with-dsym";
				ENABLE_NS_ASSERTIONS = NO;
				ENABLE_STRICT_OBJC_MSGSEND = YES;
				ENABLE_USER_SCRIPT_SANDBOXING = YES;
				GCC_C_LANGUAGE_STANDARD = gnu17;
				GCC_NO_COMMON_BLOCKS = YES;
				GCC_WARN_64_TO_32_BIT_CONVERSION = YES;
				GCC_WARN_ABOUT_RETURN_TYPE = YES_ERROR;
				GCC_WARN_UNDECLARED_SELECTOR = YES;
				GCC_WARN_UNINITIALIZED_AUTOS = YES_AGGRESSIVE;
				GCC_WARN_UNUSED_FUNCTION = YES;
				GCC_WARN_UNUSED_VARIABLE = YES;
				IPHONEOS_DEPLOYMENT_TARGET = 18.5;
				LOCALIZATION_PREFERS_STRING_CATALOGS = YES;
				MTL_ENABLE_DEBUG_INFO = NO;
				MTL_FAST_MATH = YES;
				SDKROOT = iphoneos;
				SWIFT_COMPILATION_MODE = wholemodule;
				VALIDATE_PRODUCT = YES;
			};
			name = Release;
		};
		E675BA422DF2441C005A7FC2 /* Debug configuration for PBXNativeTarget "DogLand" */ = {
			isa = XCBuildConfiguration;
			buildSettings = {
				ASSETCATALOG_COMPILER_APPICON_NAME = AppIcon;
				ASSETCATALOG_COMPILER_GLOBAL_ACCENT_COLOR_NAME = AccentColor;
				CODE_SIGN_STYLE = Automatic;
				CURRENT_PROJECT_VERSION = 1;
				ENABLE_PREVIEWS = YES;
				GENERATE_INFOPLIST_FILE = YES;
				INFOPLIST_KEY_CFBundleDisplayName = DogLand;
				INFOPLIST_KEY_UIApplicationSceneManifest_Generation = YES;
				INFOPLIST_KEY_UIApplicationSupportsIndirectInputEvents = YES;
				INFOPLIST_KEY_UILaunchScreen_Generation = YES;
				INFOPLIST_KEY_UILaunchStoryboardName = LaunchScreen;
				INFOPLIST_KEY_UISupportedInterfaceOrientations = UIInterfaceOrientationPortrait;
				INFOPLIST_KEY_UISupportedInterfaceOrientations_iPad = "UIInterfaceOrientationLandscapeLeft UIInterfaceOrientationLandscapeRight UIInterfaceOrientationPortrait UIInterfaceOrientationPortraitUpsideDown";
				IPHONEOS_DEPLOYMENT_TARGET = 18.0;
				LD_RUNPATH_SEARCH_PATHS = (
					"$(inherited)",
					"@executable_path/Frameworks",
				);
				MARKETING_VERSION = 1.0;
				PRODUCT_BUNDLE_IDENTIFIER = com.serrato.DogLand;
				PRODUCT_NAME = "$(TARGET_NAME)";
				SUPPORTED_PLATFORMS = "iphoneos iphonesimulator";
				SUPPORTS_MACCATALYST = NO;
				SUPPORTS_MAC_DESIGNED_FOR_IPHONE_IPAD = NO;
				SUPPORTS_XR_DESIGNED_FOR_IPHONE_IPAD = NO;
				SWIFT_EMIT_LOC_STRINGS = YES;
				SWIFT_VERSION = 5.0;
				TARGETED_DEVICE_FAMILY = 1;
			};
			name = Debug;
		};
		E675BA432DF2441C005A7FC2 /* Release configuration for PBXNativeTarget "DogLand" */ = {
			isa = XCBuildConfiguration;
			buildSettings = {
				ASSETCATALOG_COMPILER_APPICON_NAME = AppIcon;
				ASSETCATALOG_COMPILER_GLOBAL_ACCENT_COLOR_NAME = AccentColor;
				CODE_SIGN_STYLE = Automatic;
				CURRENT_PROJECT_VERSION = 1;
				ENABLE_PREVIEWS = YES;
				GENERATE_INFOPLIST_FILE = YES;
				INFOPLIST_KEY_CFBundleDisplayName = DogLand;
				INFOPLIST_KEY_UIApplicationSceneManifest_Generation = YES;
				INFOPLIST_KEY_UIApplicationSupportsIndirectInputEvents = YES;
				INFOPLIST_KEY_UILaunchScreen_Generation = YES;
				INFOPLIST_KEY_UILaunchStoryboardName = LaunchScreen;
				INFOPLIST_KEY_UISupportedInterfaceOrientations = UIInterfaceOrientationPortrait;
				INFOPLIST_KEY_UISupportedInterfaceOrientations_iPad = "UIInterfaceOrientationLandscapeLeft UIInterfaceOrientationLandscapeRight UIInterfaceOrientationPortrait UIInterfaceOrientationPortraitUpsideDown";
				IPHONEOS_DEPLOYMENT_TARGET = 18.0;
				LD_RUNPATH_SEARCH_PATHS = (
					"$(inherited)",
					"@executable_path/Frameworks",
				);
				MARKETING_VERSION = 1.0;
				PRODUCT_BUNDLE_IDENTIFIER = com.serrato.DogLand;
				PRODUCT_NAME = "$(TARGET_NAME)";
				SUPPORTED_PLATFORMS = "iphoneos iphonesimulator";
				SUPPORTS_MACCATALYST = NO;
				SUPPORTS_MAC_DESIGNED_FOR_IPHONE_IPAD = NO;
				SUPPORTS_XR_DESIGNED_FOR_IPHONE_IPAD = NO;
				SWIFT_EMIT_LOC_STRINGS = YES;
				SWIFT_VERSION = 5.0;
				TARGETED_DEVICE_FAMILY = 1;
			};
			name = Release;
		};
		E675BA932DF39743005A7FC2 /* Debug configuration for PBXNativeTarget "DogLandTests" */ = {
			isa = XCBuildConfiguration;
			buildSettings = {
				BUNDLE_LOADER = "$(TEST_HOST)";
				CODE_SIGN_STYLE = Automatic;
				CURRENT_PROJECT_VERSION = 1;
				GENERATE_INFOPLIST_FILE = YES;
				IPHONEOS_DEPLOYMENT_TARGET = 18.0;
				MARKETING_VERSION = 1.0;
				PRODUCT_BUNDLE_IDENTIFIER = com.serrato.DogLandTests;
				PRODUCT_NAME = "$(TARGET_NAME)";
				SUPPORTED_PLATFORMS = "iphoneos iphonesimulator";
				SUPPORTS_MACCATALYST = NO;
				SUPPORTS_MAC_DESIGNED_FOR_IPHONE_IPAD = NO;
				SUPPORTS_XR_DESIGNED_FOR_IPHONE_IPAD = NO;
				SWIFT_EMIT_LOC_STRINGS = NO;
				SWIFT_VERSION = 5.0;
				TARGETED_DEVICE_FAMILY = 1;
				TEST_HOST = "$(BUILT_PRODUCTS_DIR)/DogLand.app/$(BUNDLE_EXECUTABLE_FOLDER_PATH)/DogLand";
			};
			name = Debug;
		};
		E675BA942DF39743005A7FC2 /* Release configuration for PBXNativeTarget "DogLandTests" */ = {
			isa = XCBuildConfiguration;
			buildSettings = {
				BUNDLE_LOADER = "$(TEST_HOST)";
				CODE_SIGN_STYLE = Automatic;
				CURRENT_PROJECT_VERSION = 1;
				GENERATE_INFOPLIST_FILE = YES;
				IPHONEOS_DEPLOYMENT_TARGET = 18.0;
				MARKETING_VERSION = 1.0;
				PRODUCT_BUNDLE_IDENTIFIER = com.serrato.DogLandTests;
				PRODUCT_NAME = "$(TARGET_NAME)";
				SUPPORTED_PLATFORMS = "iphoneos iphonesimulator";
				SUPPORTS_MACCATALYST = NO;
				SUPPORTS_MAC_DESIGNED_FOR_IPHONE_IPAD = NO;
				SUPPORTS_XR_DESIGNED_FOR_IPHONE_IPAD = NO;
				SWIFT_EMIT_LOC_STRINGS = NO;
				SWIFT_VERSION = 5.0;
				TARGETED_DEVICE_FAMILY = 1;
				TEST_HOST = "$(BUILT_PRODUCTS_DIR)/DogLand.app/$(BUNDLE_EXECUTABLE_FOLDER_PATH)/DogLand";
			};
			name = Release;
		};
/* End XCBuildConfiguration section */

/* Begin XCConfigurationList section */
		E675BA312DF24419005A7FC2 /* Build configuration list for PBXProject "DogLand" */ = {
			isa = XCConfigurationList;
			buildConfigurations = (
				E675BA3F2DF2441C005A7FC2 /* Debug configuration for PBXProject "DogLand" */,
				E675BA402DF2441C005A7FC2 /* Release configuration for PBXProject "DogLand" */,
			);
			defaultConfigurationName = Release;
		};
		E675BA412DF2441C005A7FC2 /* Build configuration list for PBXNativeTarget "DogLand" */ = {
			isa = XCConfigurationList;
			buildConfigurations = (
				E675BA422DF2441C005A7FC2 /* Debug configuration for PBXNativeTarget "DogLand" */,
				E675BA432DF2441C005A7FC2 /* Release configuration for PBXNativeTarget "DogLand" */,
			);
			defaultConfigurationName = Release;
		};
		E675BA922DF39743005A7FC2 /* Build configuration list for PBXNativeTarget "DogLandTests" */ = {
			isa = XCConfigurationList;
			buildConfigurations = (
				E675BA932DF39743005A7FC2 /* Debug configuration for PBXNativeTarget "DogLandTests" */,
				E675BA942DF39743005A7FC2 /* Release configuration for PBXNativeTarget "DogLandTests" */,
			);
			defaultConfigurationName = Release;
		};
/* End XCConfigurationList section */

/* Begin XCVersionGroup section */
		E619DCE22DF4144400073973 /* DataModel.xcdatamodeld */ = {
			isa = XCVersionGroup;
			children = (
				E619DCE32DF4144400073973 /* DataModel.xcdatamodel */,
			);
			currentVersion = E619DCE32DF4144400073973 /* DataModel.xcdatamodel */;
			path = DataModel.xcdatamodeld;
			sourceTree = "<group>";
			versionGroupType = wrapper.xcdatamodel;
		};
/* End XCVersionGroup section */
	};
	rootObject = E675BA2E2DF24419005A7FC2 /* Project object */;
}
